// !$*UTF8*$!
{
	archiveVersion = 1;
	classes = {
	};
	objectVersion = 63;
	objects = {

/* Begin PBXBuildFile section */
		16CBCBB6FA06A46E0B45F082 /* Tarefas.swift in Sources */ = {isa = PBXBuildFile; fileRef = 0B6E1AC4C6EF24A759ECB023 /* Tarefas.swift */; };
		316590D399C17B87F2CD0E2A /* ContentView.swift in Sources */ = {isa = PBXBuildFile; fileRef = 2A361ACB059103A9440542DD /* ContentView.swift */; };
		64EBCD31A3CE2624A1A1ABD0 /* Grupos.swift in Sources */ = {isa = PBXBuildFile; fileRef = B8A732EC743392F7A645A642 /* Grupos.swift */; };
		655060229DEB9782E50C25FC /* Assets.xcassets in Resources */ = {isa = PBXBuildFile; fileRef = B37169C5882B84647CD11061 /* Assets.xcassets */; };
		99240E08EE39B345616E54F0 /* OsVigaristasApp.swift in Sources */ = {isa = PBXBuildFile; fileRef = BEAEDCA77589FFDE88D3143C /* OsVigaristasApp.swift */; };
		9E2C1C17F747401BCF0522E7 /* AuthViewModel.swift in Sources */ = {isa = PBXBuildFile; fileRef = 4F7CC1A3B7BD4323FA008075 /* AuthViewModel.swift */; };
		A83A0381DED23052DABFF27D /* Usuarios.swift in Sources */ = {isa = PBXBuildFile; fileRef = 9BAC468AB4E1CD52FCB9C93E /* Usuarios.swift */; };
		E6128FF36FB4CAF7DDBAE4A2 /* Desafio.swift in Sources */ = {isa = PBXBuildFile; fileRef = 1E681E57894345C37F117F22 /* Desafio.swift */; };
/* End PBXBuildFile section */

/* Begin PBXFileReference section */
		0B6E1AC4C6EF24A759ECB023 /* Tarefas.swift */ = {isa = PBXFileReference; lastKnownFileType = sourcecode.swift; path = Tarefas.swift; sourceTree = "<group>"; };
		1E681E57894345C37F117F22 /* Desafio.swift */ = {isa = PBXFileReference; lastKnownFileType = sourcecode.swift; path = Desafio.swift; sourceTree = "<group>"; };
		2A361ACB059103A9440542DD /* ContentView.swift */ = {isa = PBXFileReference; lastKnownFileType = sourcecode.swift; path = ContentView.swift; sourceTree = "<group>"; };
		4C17123365D33E1A85A0C93E /* OsVigaristas.app */ = {isa = PBXFileReference; explicitFileType = wrapper.application; includeInIndex = 0; path = OsVigaristas.app; sourceTree = BUILT_PRODUCTS_DIR; };
		4F7CC1A3B7BD4323FA008075 /* AuthViewModel.swift */ = {isa = PBXFileReference; lastKnownFileType = sourcecode.swift; path = AuthViewModel.swift; sourceTree = "<group>"; };
		85D8F3D2B2FC1A8FC8DBBBF6 /* OsVigaristas.entitlements */ = {isa = PBXFileReference; lastKnownFileType = text.plist.entitlements; path = OsVigaristas.entitlements; sourceTree = "<group>"; };
		9BAC468AB4E1CD52FCB9C93E /* Usuarios.swift */ = {isa = PBXFileReference; lastKnownFileType = sourcecode.swift; path = Usuarios.swift; sourceTree = "<group>"; };
		B37169C5882B84647CD11061 /* Assets.xcassets */ = {isa = PBXFileReference; lastKnownFileType = folder.assetcatalog; path = Assets.xcassets; sourceTree = "<group>"; };
		B8A732EC743392F7A645A642 /* Grupos.swift */ = {isa = PBXFileReference; lastKnownFileType = sourcecode.swift; path = Grupos.swift; sourceTree = "<group>"; };
		BEAEDCA77589FFDE88D3143C /* OsVigaristasApp.swift */ = {isa = PBXFileReference; lastKnownFileType = sourcecode.swift; path = OsVigaristasApp.swift; sourceTree = "<group>"; };
/* End PBXFileReference section */

/* Begin PBXGroup section */
		76AE5E599D5F9873190EB20A /* Views */ = {
			isa = PBXGroup;
			children = (
				2A361ACB059103A9440542DD /* ContentView.swift */,
			);
			path = Views;
			sourceTree = "<group>";
		};
		917DA2FF0803A51B13A3DA7C /* Products */ = {
			isa = PBXGroup;
			children = (
				4C17123365D33E1A85A0C93E /* OsVigaristas.app */,
			);
			name = Products;
			sourceTree = "<group>";
		};
		934C320D0333FF787DADA6ED /* Models */ = {
			isa = PBXGroup;
			children = (
				1E681E57894345C37F117F22 /* Desafio.swift */,
				B8A732EC743392F7A645A642 /* Grupos.swift */,
				0B6E1AC4C6EF24A759ECB023 /* Tarefas.swift */,
				9BAC468AB4E1CD52FCB9C93E /* Usuarios.swift */,
			);
			path = Models;
			sourceTree = "<group>";
		};
		B900D1D38A3323E836C2951B /* OsVigaristas */ = {
			isa = PBXGroup;
			children = (
				B37169C5882B84647CD11061 /* Assets.xcassets */,
				85D8F3D2B2FC1A8FC8DBBBF6 /* OsVigaristas.entitlements */,
				BEAEDCA77589FFDE88D3143C /* OsVigaristasApp.swift */,
				934C320D0333FF787DADA6ED /* Models */,
				D8F69247844B265250C0B163 /* ViewModel */,
				76AE5E599D5F9873190EB20A /* Views */,
			);
			path = OsVigaristas;
			sourceTree = "<group>";
		};
		D8F69247844B265250C0B163 /* ViewModel */ = {
			isa = PBXGroup;
			children = (
				4F7CC1A3B7BD4323FA008075 /* AuthViewModel.swift */,
			);
			path = ViewModel;
			sourceTree = "<group>";
		};
		F284E017050705A976399550 = {
			isa = PBXGroup;
			children = (
				B900D1D38A3323E836C2951B /* OsVigaristas */,
				917DA2FF0803A51B13A3DA7C /* Products */,
			);
			sourceTree = "<group>";
		};
/* End PBXGroup section */

/* Begin PBXNativeTarget section */
		BB993A8A28D805330B1B3F02 /* OsVigaristas */ = {
			isa = PBXNativeTarget;
			buildConfigurationList = 770BA8F010BC1C53AB8AFA0C /* Build configuration list for PBXNativeTarget "OsVigaristas" */;
			buildPhases = (
				AFD4591ECC8F441C613754F0 /* Sources */,
				0A3536B5ABEDD189CFF701EA /* Resources */,
			);
			buildRules = (
			);
			dependencies = (
			);
			name = OsVigaristas;
			packageProductDependencies = (
			);
			productName = OsVigaristas;
			productReference = 4C17123365D33E1A85A0C93E /* OsVigaristas.app */;
			productType = "com.apple.product-type.application";
		};
/* End PBXNativeTarget section */

/* Begin PBXProject section */
		D18959984C66DE7FC363717E /* Project object */ = {
			isa = PBXProject;
			attributes = {
				BuildIndependentTargetsInParallel = YES;
				LastUpgradeCheck = 1430;
			};
			buildConfigurationList = 666D7FB344974CFC7B13FF09 /* Build configuration list for PBXProject "OsVigaristas" */;
			compatibilityVersion = "Xcode 14.0";
			developmentRegion = en;
			hasScannedForEncodings = 0;
			knownRegions = (
				Base,
				en,
			);
			mainGroup = F284E017050705A976399550;
			minimizedProjectReferenceProxies = 1;
			projectDirPath = "";
			projectRoot = "";
			targets = (
				BB993A8A28D805330B1B3F02 /* OsVigaristas */,
			);
		};
/* End PBXProject section */

/* Begin PBXResourcesBuildPhase section */
		0A3536B5ABEDD189CFF701EA /* Resources */ = {
			isa = PBXResourcesBuildPhase;
			buildActionMask = 2147483647;
			files = (
				655060229DEB9782E50C25FC /* Assets.xcassets in Resources */,
			);
			runOnlyForDeploymentPostprocessing = 0;
		};
/* End PBXResourcesBuildPhase section */

/* Begin PBXSourcesBuildPhase section */
		AFD4591ECC8F441C613754F0 /* Sources */ = {
			isa = PBXSourcesBuildPhase;
			buildActionMask = 2147483647;
			files = (
				9E2C1C17F747401BCF0522E7 /* AuthViewModel.swift in Sources */,
				316590D399C17B87F2CD0E2A /* ContentView.swift in Sources */,
				E6128FF36FB4CAF7DDBAE4A2 /* Desafio.swift in Sources */,
				64EBCD31A3CE2624A1A1ABD0 /* Grupos.swift in Sources */,
				99240E08EE39B345616E54F0 /* OsVigaristasApp.swift in Sources */,
				16CBCBB6FA06A46E0B45F082 /* Tarefas.swift in Sources */,
				A83A0381DED23052DABFF27D /* Usuarios.swift in Sources */,
			);
			runOnlyForDeploymentPostprocessing = 0;
		};
/* End PBXSourcesBuildPhase section */

/* Begin XCBuildConfiguration section */
		0BBCBDE5230D6FF8F84E5F75 /* Release */ = {
			isa = XCBuildConfiguration;
			buildSettings = {
				ASSETCATALOG_COMPILER_APPICON_NAME = AppIcon;
				CODE_SIGN_ENTITLEMENTS = OsVigaristas/OsVigaristas.entitlements;
				CODE_SIGN_IDENTITY = "iPhone Developer";
				CURRENT_PROJECT_VERSION = 1;
				DEVELOPMENT_TEAM = LF52FBNMZB;
				GENERATE_INFOPLIST_FILE = YES;
				INFO_PLIST_FILE = OsVigaristas/Info.plist;
				LD_RUNPATH_SEARCH_PATHS = (
					"$(inherited)",
					"@executable_path/Frameworks",
				);
				PRODUCT_BUNDLE_IDENTIFIER = gabrielAmaral.OsVigaristas;
				SDKROOT = iphoneos;
				TARGETED_DEVICE_FAMILY = 1;
			};
			name = Release;
		};
		87BAA2937A3EBDBD2935AAEF /* Debug */ = {
			isa = XCBuildConfiguration;
			buildSettings = {
				ALWAYS_SEARCH_USER_PATHS = NO;
				CLANG_ANALYZER_NONNULL = YES;
				CLANG_ANALYZER_NUMBER_OBJECT_CONVERSION = YES_AGGRESSIVE;
				CLANG_CXX_LANGUAGE_STANDARD = "gnu++14";
				CLANG_CXX_LIBRARY = "libc++";
				CLANG_ENABLE_MODULES = YES;
				CLANG_ENABLE_OBJC_ARC = YES;
				CLANG_ENABLE_OBJC_WEAK = YES;
				CLANG_WARN_BLOCK_CAPTURE_AUTORELEASING = YES;
				CLANG_WARN_BOOL_CONVERSION = YES;
				CLANG_WARN_COMMA = YES;
				CLANG_WARN_CONSTANT_CONVERSION = YES;
				CLANG_WARN_DEPRECATED_OBJC_IMPLEMENTATIONS = YES;
				CLANG_WARN_DIRECT_OBJC_ISA_USAGE = YES_ERROR;
				CLANG_WARN_DOCUMENTATION_COMMENTS = YES;
				CLANG_WARN_EMPTY_BODY = YES;
				CLANG_WARN_ENUM_CONVERSION = YES;
				CLANG_WARN_INFINITE_RECURSION = YES;
				CLANG_WARN_INT_CONVERSION = YES;
				CLANG_WARN_NON_LITERAL_NULL_CONVERSION = YES;
				CLANG_WARN_OBJC_IMPLICIT_RETAIN_SELF = YES;
				CLANG_WARN_OBJC_LITERAL_CONVERSION = YES;
				CLANG_WARN_OBJC_ROOT_CLASS = YES_ERROR;
				CLANG_WARN_QUOTED_INCLUDE_IN_FRAMEWORK_HEADER = YES;
				CLANG_WARN_RANGE_LOOP_ANALYSIS = YES;
				CLANG_WARN_STRICT_PROTOTYPES = YES;
				CLANG_WARN_SUSPICIOUS_MOVE = YES;
				CLANG_WARN_UNGUARDED_AVAILABILITY = YES_AGGRESSIVE;
				CLANG_WARN_UNREACHABLE_CODE = YES;
				CLANG_WARN__DUPLICATE_METHOD_MATCH = YES;
				COPY_PHASE_STRIP = NO;
				DEBUG_INFORMATION_FORMAT = dwarf;
				ENABLE_STRICT_OBJC_MSGSEND = YES;
				ENABLE_TESTABILITY = YES;
				GCC_C_LANGUAGE_STANDARD = gnu11;
				GCC_DYNAMIC_NO_PIC = NO;
				GCC_NO_COMMON_BLOCKS = YES;
				GCC_OPTIMIZATION_LEVEL = 0;
				GCC_PREPROCESSOR_DEFINITIONS = (
					"$(inherited)",
					"DEBUG=1",
				);
				GCC_WARN_64_TO_32_BIT_CONVERSION = YES;
				GCC_WARN_ABOUT_RETURN_TYPE = YES_ERROR;
				GCC_WARN_UNDECLARED_SELECTOR = YES;
				GCC_WARN_UNINITIALIZED_AUTOS = YES_AGGRESSIVE;
				GCC_WARN_UNUSED_FUNCTION = YES;
				GCC_WARN_UNUSED_VARIABLE = YES;
				IPHONEOS_DEPLOYMENT_TARGET = 18.0;
				MTL_ENABLE_DEBUG_INFO = INCLUDE_SOURCE;
				MTL_FAST_MATH = YES;
				ONLY_ACTIVE_ARCH = YES;
				PRODUCT_NAME = "$(TARGET_NAME)";
				SDKROOT = iphoneos;
				SWIFT_ACTIVE_COMPILATION_CONDITIONS = DEBUG;
				SWIFT_OPTIMIZATION_LEVEL = "-Onone";
				SWIFT_VERSION = 5.0;
			};
			name = Debug;
		};
		8D0D5306BF4A5A6209FD165B /* Debug */ = {
			isa = XCBuildConfiguration;
			buildSettings = {
				ASSETCATALOG_COMPILER_APPICON_NAME = AppIcon;
				CODE_SIGN_ENTITLEMENTS = OsVigaristas/OsVigaristas.entitlements;
				CODE_SIGN_IDENTITY = "iPhone Developer";
				CURRENT_PROJECT_VERSION = 1;
				DEVELOPMENT_TEAM = LF52FBNMZB;
				GENERATE_INFOPLIST_FILE = YES;
				INFO_PLIST_FILE = OsVigaristas/Info.plist;
				LD_RUNPATH_SEARCH_PATHS = (
					"$(inherited)",
					"@executable_path/Frameworks",
				);
				PRODUCT_BUNDLE_IDENTIFIER = gabrielAmaral.OsVigaristas;
				SDKROOT = iphoneos;
				TARGETED_DEVICE_FAMILY = 1;
			};
			name = Debug;
		};
		DAAE0585F03DA48A56B91CFA /* Release */ = {
			isa = XCBuildConfiguration;
			buildSettings = {
				ALWAYS_SEARCH_USER_PATHS = NO;
				CLANG_ANALYZER_NONNULL = YES;
				CLANG_ANALYZER_NUMBER_OBJECT_CONVERSION = YES_AGGRESSIVE;
				CLANG_CXX_LANGUAGE_STANDARD = "gnu++14";
				CLANG_CXX_LIBRARY = "libc++";
				CLANG_ENABLE_MODULES = YES;
				CLANG_ENABLE_OBJC_ARC = YES;
				CLANG_ENABLE_OBJC_WEAK = YES;
				CLANG_WARN_BLOCK_CAPTURE_AUTORELEASING = YES;
				CLANG_WARN_BOOL_CONVERSION = YES;
				CLANG_WARN_COMMA = YES;
				CLANG_WARN_CONSTANT_CONVERSION = YES;
				CLANG_WARN_DEPRECATED_OBJC_IMPLEMENTATIONS = YES;
				CLANG_WARN_DIRECT_OBJC_ISA_USAGE = YES_ERROR;
				CLANG_WARN_DOCUMENTATION_COMMENTS = YES;
				CLANG_WARN_EMPTY_BODY = YES;
				CLANG_WARN_ENUM_CONVERSION = YES;
				CLANG_WARN_INFINITE_RECURSION = YES;
				CLANG_WARN_INT_CONVERSION = YES;
				CLANG_WARN_NON_LITERAL_NULL_CONVERSION = YES;
				CLANG_WARN_OBJC_IMPLICIT_RETAIN_SELF = YES;
				CLANG_WARN_OBJC_LITERAL_CONVERSION = YES;
				CLANG_WARN_OBJC_ROOT_CLASS = YES_ERROR;
				CLANG_WARN_QUOTED_INCLUDE_IN_FRAMEWORK_HEADER = YES;
				CLANG_WARN_RANGE_LOOP_ANALYSIS = YES;
				CLANG_WARN_STRICT_PROTOTYPES = YES;
				CLANG_WARN_SUSPICIOUS_MOVE = YES;
				CLANG_WARN_UNGUARDED_AVAILABILITY = YES_AGGRESSIVE;
				CLANG_WARN_UNREACHABLE_CODE = YES;
				CLANG_WARN__DUPLICATE_METHOD_MATCH = YES;
				COPY_PHASE_STRIP = NO;
				DEBUG_INFORMATION_FORMAT = "dwarf-with-dsym";
				ENABLE_NS_ASSERTIONS = NO;
				ENABLE_STRICT_OBJC_MSGSEND = YES;
				GCC_C_LANGUAGE_STANDARD = gnu11;
				GCC_NO_COMMON_BLOCKS = YES;
				GCC_WARN_64_TO_32_BIT_CONVERSION = YES;
				GCC_WARN_ABOUT_RETURN_TYPE = YES_ERROR;
				GCC_WARN_UNDECLARED_SELECTOR = YES;
				GCC_WARN_UNINITIALIZED_AUTOS = YES_AGGRESSIVE;
				GCC_WARN_UNUSED_FUNCTION = YES;
				GCC_WARN_UNUSED_VARIABLE = YES;
				IPHONEOS_DEPLOYMENT_TARGET = 18.0;
				MTL_ENABLE_DEBUG_INFO = NO;
				MTL_FAST_MATH = YES;
				PRODUCT_NAME = "$(TARGET_NAME)";
				SDKROOT = iphoneos;
				SWIFT_COMPILATION_MODE = wholemodule;
				SWIFT_OPTIMIZATION_LEVEL = "-O";
				SWIFT_VERSION = 5.0;
			};
			name = Release;
		};
/* End XCBuildConfiguration section */

/* Begin XCConfigurationList section */
		666D7FB344974CFC7B13FF09 /* Build configuration list for PBXProject "OsVigaristas" */ = {
			isa = XCConfigurationList;
			buildConfigurations = (
				87BAA2937A3EBDBD2935AAEF /* Debug */,
				DAAE0585F03DA48A56B91CFA /* Release */,
			);
			defaultConfigurationIsVisible = 0;
			defaultConfigurationName = Debug;
		};
		770BA8F010BC1C53AB8AFA0C /* Build configuration list for PBXNativeTarget "OsVigaristas" */ = {
			isa = XCConfigurationList;
			buildConfigurations = (
				8D0D5306BF4A5A6209FD165B /* Debug */,
				0BBCBDE5230D6FF8F84E5F75 /* Release */,
			);
			defaultConfigurationIsVisible = 0;
			defaultConfigurationName = Debug;
		};
/* End XCConfigurationList section */
	};
	rootObject = D18959984C66DE7FC363717E /* Project object */;
}
